dependencies:
  espressif/esp-zboss-lib:
    component_hash: 321883d142421f65009972408287441794250057668a11abbdfd8bec77c3309a
    dependencies:
    - name: idf
      require: private
      version: '>=5.0'
    source:
      registry_url: https://components.espressif.com/
      type: service
    version: 1.6.4
  espressif/esp-zigbee-lib:
    component_hash: 947ea40aa95a89b9da238e941bd2950952e7cd422074d0c02d6896e2ff07bad5
    dependencies:
    - name: idf
      require: private
      version: '>=5.0'
    source:
      registry_url: https://components.espressif.com/
      type: service
    version: 1.6.5
  espressif/led_strip:
    component_hash: 28c6509a727ef74925b372ed404772aeedf11cce10b78c3f69b3c66799095e2d
    dependencies:
    - name: idf
      require: private
      version: '>=4.4'
    source:
      registry_url: https://components.espressif.com/
      type: service
    version: 2.5.5
  idf:
    source:
      type: idf
    version: 6.0.0
direct_dependencies:
- espressif/esp-zboss-lib
- espressif/esp-zigbee-lib
- espressif/led_strip
manifest_hash: 32fd0f79f505f05ad93947fd121646866939e766181eb9ca7e499b3ecaa6d812
target: esp32h2
version: 2.0.0
